{
  "requires": true,
  "lockfileVersion": 1,
  "dependencies": {
    "lodash": {
      "version": "4.17.21",
      "resolved": "https://registry.npmjs.org/lodash/-/lodash-4.17.21.tgz",
      "integrity": "sha512-v2kDEe57lecTulaDIuNTPy3Ry4gLGJ6Z1O3vE1krgXZNrsQ+LFTGHVxVjcXPs17LhbZVGedAJv8XZ1tvj5FvSg=="
    },
    "reactstrap-date-picker": {
      "version": "1.0.4",
      "resolved": "https://registry.npmjs.org/reactstrap-date-picker/-/reactstrap-date-picker-1.0.4.tgz",
      "integrity": "sha512-zow9IaJ4V+bCoUuWH7LKvsX2SnxHNshcfbUdhuKZ7TZixPq+floEEiYz0+hEp+x4Qopxb10fA11fx7HyDV1bzg=="
    },
    "slick-carousel": {
      "version": "1.8.1",
      "resolved": "https://registry.npmjs.org/slick-carousel/-/slick-carousel-1.8.1.tgz",
      "integrity": "sha512-XB9Ftrf2EEKfzoQXt3Nitrt/IPbT+f1fgqBdoxO3W/+JYvtEOW6EgxnWfr9GH6nmULv7Y2tPmEX3koxThVmebA=="
    }
  }
}
